
Microsoft Visual Studio Solution File, Format Version 12.00
# Visual Studio Version 17
VisualStudioVersion = 17.5.33424.131
MinimumVisualStudioVersion = 10.0.40219.1
Project("{FAE04EC0-301F-11D3-BF4B-00C04F79EFBC}") = "ShopperApp", "ShopperApp\ShopperApp.csproj", "{EA07C033-6905-4200-9040-3AE4A3E04B89}"
EndProject
Project("{FAE04EC0-301F-11D3-BF4B-00C04F79EFBC}") = "Shopper.Domain", "Shopper.Domain\Shopper.Domain.csproj", "{28FCD456-C77F-45AA-BAF6-973AFF051411}"
EndProject
Project("{FAE04EC0-301F-11D3-BF4B-00C04F79EFBC}") = "Shopper.Infrastructure", "Shopper.Infrastructure\Shopper.Infrastructure.csproj", "{852C49BE-2EAC-409C-A572-7CAC2CF63822}"
EndProject
Project("{FAE04EC0-301F-11D3-BF4B-00C04F79EFBC}") = "Shopper.Api", "Shopper.Api\Shopper.Api.csproj", "{D5276492-5FA7-4674-9DFB-C935A8959DB9}"
EndProject
Global
	GlobalSection(SolutionConfigurationPlatforms) = preSolution
		Debug|Any CPU = Debug|Any CPU
		Release|Any CPU = Release|Any CPU
	EndGlobalSection
	GlobalSection(ProjectConfigurationPlatforms) = postSolution
		{EA07C033-6905-4200-9040-3AE4A3E04B89}.Debug|Any CPU.ActiveCfg = Debug|Any CPU
		{EA07C033-6905-4200-9040-3AE4A3E04B89}.Debug|Any CPU.Build.0 = Debug|Any CPU
		{EA07C033-6905-4200-9040-3AE4A3E04B89}.Release|Any CPU.ActiveCfg = Release|Any CPU
		{EA07C033-6905-4200-9040-3AE4A3E04B89}.Release|Any CPU.Build.0 = Release|Any CPU
		{28FCD456-C77F-45AA-BAF6-973AFF051411}.Debug|Any CPU.ActiveCfg = Debug|Any CPU
		{28FCD456-C77F-45AA-BAF6-973AFF051411}.Debug|Any CPU.Build.0 = Debug|Any CPU
		{28FCD456-C77F-45AA-BAF6-973AFF051411}.Release|Any CPU.ActiveCfg = Release|Any CPU
		{28FCD456-C77F-45AA-BAF6-973AFF051411}.Release|Any CPU.Build.0 = Release|Any CPU
		{852C49BE-2EAC-409C-A572-7CAC2CF63822}.Debug|Any CPU.ActiveCfg = Debug|Any CPU
		{852C49BE-2EAC-409C-A572-7CAC2CF63822}.Debug|Any CPU.Build.0 = Debug|Any CPU
		{852C49BE-2EAC-409C-A572-7CAC2CF63822}.Release|Any CPU.ActiveCfg = Release|Any CPU
		{852C49BE-2EAC-409C-A572-7CAC2CF63822}.Release|Any CPU.Build.0 = Release|Any CPU
		{D5276492-5FA7-4674-9DFB-C935A8959DB9}.Debug|Any CPU.ActiveCfg = Debug|Any CPU
		{D5276492-5FA7-4674-9DFB-C935A8959DB9}.Debug|Any CPU.Build.0 = Debug|Any CPU
		{D5276492-5FA7-4674-9DFB-C935A8959DB9}.Release|Any CPU.ActiveCfg = Release|Any CPU
		{D5276492-5FA7-4674-9DFB-C935A8959DB9}.Release|Any CPU.Build.0 = Release|Any CPU
	EndGlobalSection
	GlobalSection(SolutionProperties) = preSolution
		HideSolutionNode = FALSE
	EndGlobalSection
	GlobalSection(ExtensibilityGlobals) = postSolution
		SolutionGuid = {BE32DAFF-1C70-431B-8A56-16EAFD4C5424}
	EndGlobalSection
EndGlobal
